
Microsoft Visual Studio Solution File, Format Version 12.00
# Visual Studio Version 17
VisualStudioVersion = 17.8.34330.188
MinimumVisualStudioVersion = 10.0.40219.1
Project("{FAE04EC0-301F-11D3-BF4B-00C04F79EFBC}") = "Decideify", "Decideify\Decideify.csproj", "{7709F17B-6C6A-4893-AA95-5A685FAC988E}"
EndProject
Global
	GlobalSection(SolutionConfigurationPlatforms) = preSolution
		Debug|Any CPU = Debug|Any CPU
		Release|Any CPU = Release|Any CPU
	EndGlobalSection
	GlobalSection(ProjectConfigurationPlatforms) = postSolution
		{7709F17B-6C6A-4893-AA95-5A685FAC988E}.Debug|Any CPU.ActiveCfg = Debug|Any CPU
		{7709F17B-6C6A-4893-AA95-5A685FAC988E}.Debug|Any CPU.Build.0 = Debug|Any CPU
		{7709F17B-6C6A-4893-AA95-5A685FAC988E}.Release|Any CPU.ActiveCfg = Release|Any CPU
		{7709F17B-6C6A-4893-AA95-5A685FAC988E}.Release|Any CPU.Build.0 = Release|Any CPU
	EndGlobalSection
	GlobalSection(SolutionProperties) = preSolution
		HideSolutionNode = FALSE
	EndGlobalSection
	GlobalSection(ExtensibilityGlobals) = postSolution
		SolutionGuid = {523F73C1-4D18-4AA7-9D0B-271304103ACC}
	EndGlobalSection
EndGlobal
